{
  "nodes": {
    "flake-compat": {
      "flake": false,
      "locked": {
        "lastModified": 1765121682,
        "narHash": "sha256-4VBOP18BFeiPkyhy9o4ssBNQEvfvv1kXkasAYd0+rrA=",
        "owner": "edolstra",
        "repo": "flake-compat",
        "rev": "65f23138d8d09a92e30f1e5c87611b23ef451bf3",
        "type": "github"
      },
      "original": {
        "owner": "edolstra",
        "repo": "flake-compat",
        "type": "github"
      }
    },
    "flake-parts": {
      "inputs": {
        "nixpkgs-lib": "nixpkgs-lib"
      },
      "locked": {
        "lastModified": 1769996383,
        "narHash": "sha256-AnYjnFWgS49RlqX7LrC4uA+sCCDBj0Ry/WOJ5XWAsa0=",
        "owner": "hercules-ci",
        "repo": "flake-parts",
        "rev": "57928607ea566b5db3ad13af0e57e921e6b12381",
        "type": "github"
      },
      "original": {
        "owner": "hercules-ci",
        "ref": "main",
        "repo": "flake-parts",
        "type": "github"
      }
    },
    "flake-utils": {
      "inputs": {
        "systems": "systems"
      },
      "locked": {
        "lastModified": 1731533236,
        "narHash": "sha256-l0KFg5HjrsfsO/JpG+r7fRrqm12kzFHyUHqHCVpMMbI=",
        "owner": "numtide",
        "repo": "flake-utils",
        "rev": "11707dc2f618dd54ca8739b309ec4fc024de578b",
        "type": "github"
      },
      "original": {
        "owner": "numtide",
        "ref": "main",
        "repo": "flake-utils",
        "type": "github"
      }
    },
    "mk-spago-derivation": {
      "inputs": {
        "nixpkgs": [
          "nixpkgs"
        ],
        "ps-overlay": [
          "ps-overlay"
        ],
        "registry": "registry",
        "registry-index": "registry-index"
      },
      "locked": {
        "lastModified": 1770521183,
        "narHash": "sha256-xvvQYVUXruthEE7bsC7T+dTAUPdzVSs6ZP5EYHsfxfc=",
        "owner": "jeslie0",
        "repo": "mkSpagoDerivation",
        "rev": "de1dfb514682842a2633f8e92e239752a8b591a2",
        "type": "github"
      },
      "original": {
        "owner": "jeslie0",
        "ref": "main",
        "repo": "mkSpagoDerivation",
        "type": "github"
      }
    },
    "nixpkgs": {
      "locked": {
        "lastModified": 1765425892,
        "narHash": "sha256-jlQpSkg2sK6IJVzTQBDyRxQZgKADC2HKMRfGCSgNMHo=",
        "owner": "nixos",
        "repo": "nixpkgs",
        "rev": "5d6bdbddb4695a62f0d00a3620b37a15275a5093",
        "type": "github"
      },
      "original": {
        "owner": "nixos",
        "ref": "5d6bdbddb4695a62f0d00a3620b37a15275a5093",
        "repo": "nixpkgs",
        "type": "github"
      }
    },
    "nixpkgs-lib": {
      "locked": {
        "lastModified": 1769909678,
        "narHash": "sha256-cBEymOf4/o3FD5AZnzC3J9hLbiZ+QDT/KDuyHXVJOpM=",
        "owner": "nix-community",
        "repo": "nixpkgs.lib",
        "rev": "72716169fe93074c333e8d0173151350670b824c",
        "type": "github"
      },
      "original": {
        "owner": "nix-community",
        "repo": "nixpkgs.lib",
        "type": "github"
      }
    },
    "nixpkgs-unstable": {
      "locked": {
        "lastModified": 1770601903,
        "narHash": "sha256-z2Xv6fdSRjl36rTzxm1T+SbwayTCSGI2e/qh8FNhwhU=",
        "owner": "nixos",
        "repo": "nixpkgs",
        "rev": "fcd1e55e17571a81106cb5ff9f64cac27025f39b",
        "type": "github"
      },
      "original": {
        "owner": "nixos",
        "ref": "master",
        "repo": "nixpkgs",
        "type": "github"
      }
    },
    "ps-overlay": {
      "inputs": {
        "flake-compat": "flake-compat",
        "nixpkgs": [
          "nixpkgs"
        ],
        "slimlock": "slimlock"
      },
      "locked": {
        "lastModified": 1765847829,
        "narHash": "sha256-okJHJiw4/A2nsJQuvloTNSdfYfeamlSD/BViR2PGgzo=",
        "owner": "thomashoneyman",
        "repo": "purescript-overlay",
        "rev": "83335b3796ea1874a324d78253bc15db481c3a55",
        "type": "github"
      },
      "original": {
        "owner": "thomashoneyman",
        "ref": "83335b3796ea1874a324d78253bc15db481c3a55",
        "repo": "purescript-overlay",
        "type": "github"
      }
    },
    "registry": {
      "flake": false,
      "locked": {
        "lastModified": 1770452082,
        "narHash": "sha256-BL/m5i5ZOgFFJJKJCnirPGtC9hLpdN9dgHSXkkkmCZ8=",
        "owner": "purescript",
        "repo": "registry",
        "rev": "5091ed90b8902c09929b19d8eb56365218b3cbe6",
        "type": "github"
      },
      "original": {
        "owner": "purescript",
        "repo": "registry",
        "type": "github"
      }
    },
    "registry-index": {
      "flake": false,
      "locked": {
        "lastModified": 1770364868,
        "narHash": "sha256-/3jtkd5GP7G5QzVJnCm2GINn7BSsOIN76+SVeAi+o1c=",
        "owner": "purescript",
        "repo": "registry-index",
        "rev": "784bc4beb7177c39e413520eebe06a061b3eb16e",
        "type": "github"
      },
      "original": {
        "owner": "purescript",
        "repo": "registry-index",
        "type": "github"
      }
    },
    "root": {
      "inputs": {
        "flake-parts": "flake-parts",
        "flake-utils": "flake-utils",
        "mk-spago-derivation": "mk-spago-derivation",
        "nixpkgs": "nixpkgs",
        "nixpkgs-unstable": "nixpkgs-unstable",
        "ps-overlay": "ps-overlay"
      }
    },
    "slimlock": {
      "inputs": {
        "nixpkgs": [
          "ps-overlay",
          "nixpkgs"
        ]
      },
      "locked": {
        "lastModified": 1746029857,
        "narHash": "sha256-431slzM10HQixP4oQlCwGxUPD8wo4DWVGnIcttqyeEs=",
        "owner": "thomashoneyman",
        "repo": "slimlock",
        "rev": "c49740738a026a00ab6be19300e8cf7b6de03fd7",
        "type": "github"
      },
      "original": {
        "owner": "thomashoneyman",
        "repo": "slimlock",
        "type": "github"
      }
    },
    "systems": {
      "locked": {
        "lastModified": 1681028828,
        "narHash": "sha256-Vy1rq5AaRuLzOxct8nz4T6wlgyUR7zLU309k9mBC768=",
        "owner": "nix-systems",
        "repo": "default",
        "rev": "da67096a3b9bf56a91d16901293e51ba5b49a27e",
        "type": "github"
      },
      "original": {
        "owner": "nix-systems",
        "repo": "default",
        "type": "github"
      }
    }
  },
  "root": "root",
  "version": 7
}
