{
  "nodes": {
    "flake-compat": {
      "flake": false,
      "locked": {
        "lastModified": 1765121682,
        "narHash": "sha256-4VBOP18BFeiPkyhy9o4ssBNQEvfvv1kXkasAYd0+rrA=",
        "owner": "edolstra",
        "repo": "flake-compat",
        "rev": "65f23138d8d09a92e30f1e5c87611b23ef451bf3",
        "type": "github"
      },
      "original": {
        "owner": "edolstra",
        "repo": "flake-compat",
        "type": "github"
      }
    },
    "flake-root": {
      "locked": {
        "lastModified": 1723604017,
        "narHash": "sha256-rBtQ8gg+Dn4Sx/s+pvjdq3CB2wQNzx9XGFq/JVGCB6k=",
        "owner": "srid",
        "repo": "flake-root",
        "rev": "b759a56851e10cb13f6b8e5698af7b59c44be26e",
        "type": "github"
      },
      "original": {
        "owner": "srid",
        "ref": "master",
        "repo": "flake-root",
        "type": "github"
      }
    },
    "mission-control": {
      "locked": {
        "lastModified": 1733438716,
        "narHash": "sha256-1tt43rwHk0N5fwEhbpsHWO4nBVFCQN0w1KM427DNycM=",
        "owner": "Platonic-Systems",
        "repo": "mission-control",
        "rev": "65d04c4ab9db076eff09824d2936a5c215c21f36",
        "type": "github"
      },
      "original": {
        "owner": "Platonic-Systems",
        "ref": "master",
        "repo": "mission-control",
        "type": "github"
      }
    },
    "nixpkgs": {
      "locked": {
        "lastModified": 1765425892,
        "narHash": "sha256-jlQpSkg2sK6IJVzTQBDyRxQZgKADC2HKMRfGCSgNMHo=",
        "owner": "nixos",
        "repo": "nixpkgs",
        "rev": "5d6bdbddb4695a62f0d00a3620b37a15275a5093",
        "type": "github"
      },
      "original": {
        "owner": "nixos",
        "ref": "5d6bdbddb4695a62f0d00a3620b37a15275a5093",
        "repo": "nixpkgs",
        "type": "github"
      }
    },
    "nixpkgs-unstable": {
      "locked": {
        "lastModified": 1769859844,
        "narHash": "sha256-MN+92iMaQnsNid5t/NImWK7Hu4/LuUOMVuTZOpPHDY8=",
        "owner": "nixos",
        "repo": "nixpkgs",
        "rev": "4525a2af191cb89d829e0ca6dba4282a040e75a4",
        "type": "github"
      },
      "original": {
        "owner": "nixos",
        "ref": "master",
        "repo": "nixpkgs",
        "type": "github"
      }
    },
    "ps-overlay": {
      "inputs": {
        "flake-compat": "flake-compat",
        "nixpkgs": [
          "nixpkgs"
        ]
      },
      "locked": {
        "lastModified": 1765940228,
        "narHash": "sha256-G21SwmQsdMLfBIyhLtlPiAHkqOSJzNXTqnFGtMYGxAU=",
        "owner": "thomashoneyman",
        "repo": "purescript-overlay",
        "rev": "acca6cfb1b9605b8755b238285fe69ee4090a510",
        "type": "github"
      },
      "original": {
        "owner": "thomashoneyman",
        "ref": "main",
        "repo": "purescript-overlay",
        "type": "github"
      }
    },
    "root": {
      "inputs": {
        "flake-root": "flake-root",
        "mission-control": "mission-control",
        "nixpkgs": "nixpkgs",
        "nixpkgs-unstable": "nixpkgs-unstable",
        "ps-overlay": "ps-overlay",
        "treefmt-nix": "treefmt-nix"
      }
    },
    "treefmt-nix": {
      "inputs": {
        "nixpkgs": [
          "nixpkgs"
        ]
      },
      "locked": {
        "lastModified": 1767649044,
        "narHash": "sha256-UenCE5ZIffguGMO7iiCVdQuN6fw2EOkEl8+A5YxUGJk=",
        "owner": "numtide",
        "repo": "treefmt-nix",
        "rev": "4612a4b80eb0422b014720db25a5c0b9ae72f89a",
        "type": "github"
      },
      "original": {
        "owner": "numtide",
        "ref": "4612a4b80eb0422b014720db25a5c0b9ae72f89a",
        "repo": "treefmt-nix",
        "type": "github"
      }
    }
  },
  "root": "root",
  "version": 7
}
